
Microsoft Visual Studio Solution File, Format Version 12.00
# Visual Studio Version 17
VisualStudioVersion = 17.8.34330.188
MinimumVisualStudioVersion = 10.0.40219.1
Project("{FAE04EC0-301F-11D3-BF4B-00C04F79EFBC}") = "pitagorinPoucak", "pitagorinPoucak.csproj", "{EE6A6669-5992-4A9C-A9AD-2219A7BB1BC5}"
EndProject
Global
	GlobalSection(SolutionConfigurationPlatforms) = preSolution
		Debug|Any CPU = Debug|Any CPU
		Release|Any CPU = Release|Any CPU
	EndGlobalSection
	GlobalSection(ProjectConfigurationPlatforms) = postSolution
		{EE6A6669-5992-4A9C-A9AD-2219A7BB1BC5}.Debug|Any CPU.ActiveCfg = Debug|Any CPU
		{EE6A6669-5992-4A9C-A9AD-2219A7BB1BC5}.Debug|Any CPU.Build.0 = Debug|Any CPU
		{EE6A6669-5992-4A9C-A9AD-2219A7BB1BC5}.Release|Any CPU.ActiveCfg = Release|Any CPU
		{EE6A6669-5992-4A9C-A9AD-2219A7BB1BC5}.Release|Any CPU.Build.0 = Release|Any CPU
	EndGlobalSection
	GlobalSection(SolutionProperties) = preSolution
		HideSolutionNode = FALSE
	EndGlobalSection
	GlobalSection(ExtensibilityGlobals) = postSolution
		SolutionGuid = {31D90F4C-B4C1-4B1E-AFF2-A8CCA4AA5BCB}
	EndGlobalSection
EndGlobal
